{
  "version": 4,
  "terraform_version": "1.3.2",
  "serial": 11,
  "lineage": "33a7deef-b425-a484-0fb7-d91469788ff1",
  "outputs": {
    "public_ip_address": {
      "value": "dknit-vm: 20.123.189.149",
      "type": "string"
    }
  },
  "resources": [
    {
      "mode": "data",
      "type": "azurerm_public_ip",
      "name": "dknit-ip-data",
      "provider": "provider[\"registry.terraform.io/hashicorp/azurerm\"]",
      "instances": [
        {
          "schema_version": 0,
          "attributes": {
            "allocation_method": "Static",
            "domain_name_label": "",
            "fqdn": "",
            "id": "/subscriptions/44f5de84-49cf-43c7-8cfa-dff267986dd8/resourceGroups/dknit-resources/providers/Microsoft.Network/publicIPAddresses/dknit-ip",
            "idle_timeout_in_minutes": 4,
            "ip_address": "20.123.189.149",
            "ip_tags": {},
            "ip_version": "IPv4",
            "location": "westeurope",
            "name": "dknit-ip",
            "resource_group_name": "dknit-resources",
            "reverse_fqdn": "",
            "sku": "Basic",
            "tags": {
              "environment": "dev"
            },
            "timeouts": null,
            "zones": []
          },
          "sensitive_attributes": []
        }
      ]
    },
    {
      "mode": "managed",
      "type": "azurerm_linux_virtual_machine",
      "name": "dknit-vm",
      "provider": "provider[\"registry.terraform.io/hashicorp/azurerm\"]",
      "instances": [
        {
          "schema_version": 0,
          "attributes": {
            "additional_capabilities": [],
            "admin_password": null,
            "admin_ssh_key": [
              {
                "public_key": "ssh-rsa AAAAB3NzaC1yc2EAAAADAQABAAABgQDNmOmhIh4W9vaqMkAqLBimOIDLqPI5+kfRKeLdpSXvhFmpufzxtLBaB6UFPdVyWIhPrMQzgHJj8A1prLWorWFzdH9dHn9N9yJXtG7fFH0yb0/1/yQ8nvyuaa9p0y8V/mDMs5t+fRFOUe0ppMnJ1OR7KLZppsRRTgMgbdfY8DiAWNwj7Pyw533W69daorc99etJgwJf7Y2aCLXiya3urF97eMcdqNrqCMfE3HXMjxzHYUoAz27vg2NEEx74SRWDQK6BmkicIsynzIcs6W02vUFzrIrAh/ewIL9+5EHJm80lEXNiQUC110QdwjrV3Cd9M8rJhjSOQ8abLjb8/KblTcA3Jgm+PctMSoMfWXnke07Ioa1fBjN3XxhXp4sw8ZD9d6+Iidqqe/6Ct6zesW60qeNTEEoqTFDvTv4xbr7A5eUcPgprxtDZaiP68QBqko304NztsFcRCbdHVD6fFNg5LpftLQOMjETi68rE+yUm/XrEundMlOKqIBSzdyHzv1XR35c= ilkka@DESKTOP-57L025I\r\n",
                "username": "dknit"
              }
            ],
            "admin_username": "dknit",
            "allow_extension_operations": true,
            "availability_set_id": "",
            "boot_diagnostics": [],
            "computer_name": "dknit-vm",
            "custom_data": "IyEvYmluL2Jhc2gNCnN1ZG8gYXB0LWdldCB1cGRhdGUgLXkgJiYNCnN1ZG8gYXB0LWdldCBpbnN0YWxsIC15IFwNCmFwdC10cmFuc3BvcnQtaHR0cHMgXA0KY2EtY2VydGlmaWNhdGVzIFwNCmN1cmwgXA0KZ251cGctYWdlbnQgXA0Kc29mdHdhcmUtcHJvcGVydGllcy1jb21tb24gJiYNCmN1cmwgLWZzU0wgaHR0cHM6Ly9kb3dubG9hZC5kb2NrZXIuY29tL2xpbnV4L3VidW50dS9ncGcgfCBzdWRvIGFwdC1rZXkgYWRkIC0gJiYNCnN1ZG8gYWRkLWFwdC1yZXBvc2l0b3J5ICJkZWIgW2FyY2g9YW1kNjRdIGh0dHBzOi8vZG93bmxvYWQuZG9ja2VyLmNvbS9saW51eC91YnVudHUgJChsc2JfcmVsZWFzZSAtY3MpIHN0YWJsZSIgJiYNCnN1ZG8gYXB0LWdldCB1cGRhdGUgLXkgJiYNCnN1ZG8gYXB0LWdldCBpbnN0YWxsIC15IGRvY2tlci1jZSBkb2NrZXItY2UtY2xpIGNvbnRhaW5lcmQuaW8gJiYNCnN1ZG8gdXNlcm1vZCAtYUcgZG9ja2VyIHVidW50dSAmJg==",
            "dedicated_host_group_id": "",
            "dedicated_host_id": "",
            "disable_password_authentication": true,
            "encryption_at_host_enabled": false,
            "eviction_policy": "",
            "extensions_time_budget": "PT1H30M",
            "id": "/subscriptions/44f5de84-49cf-43c7-8cfa-dff267986dd8/resourceGroups/dknit-resources/providers/Microsoft.Compute/virtualMachines/dknit-vm",
            "identity": [],
            "license_type": "",
            "location": "westeurope",
            "max_bid_price": -1,
            "name": "dknit-vm",
            "network_interface_ids": [
              "/subscriptions/44f5de84-49cf-43c7-8cfa-dff267986dd8/resourceGroups/dknit-resources/providers/Microsoft.Network/networkInterfaces/dknit-nic"
            ],
            "os_disk": [
              {
                "caching": "ReadWrite",
                "diff_disk_settings": [],
                "disk_encryption_set_id": "",
                "disk_size_gb": 30,
                "name": "dknit-vm_OsDisk_1_b6b83201d1e746948695b29d3ac0fdef",
                "storage_account_type": "Standard_LRS",
                "write_accelerator_enabled": false
              }
            ],
            "patch_mode": "ImageDefault",
            "plan": [],
            "platform_fault_domain": -1,
            "priority": "Regular",
            "private_ip_address": "10.123.1.4",
            "private_ip_addresses": [
              "10.123.1.4"
            ],
            "provision_vm_agent": true,
            "proximity_placement_group_id": "",
            "public_ip_address": "20.123.189.149",
            "public_ip_addresses": [
              "20.123.189.149"
            ],
            "resource_group_name": "dknit-resources",
            "secret": [],
            "secure_boot_enabled": false,
            "size": "Standard_B2s",
            "source_image_id": "",
            "source_image_reference": [
              {
                "offer": "UbuntuServer",
                "publisher": "Canonical",
                "sku": "18.04-LTS",
                "version": "latest"
              }
            ],
            "tags": {
              "environment": "dev"
            },
            "timeouts": null,
            "user_data": "",
            "virtual_machine_id": "a4c8412b-fb5f-4dc3-81a5-481dd796803b",
            "virtual_machine_scale_set_id": "",
            "vtpm_enabled": false,
            "zone": ""
          },
          "sensitive_attributes": [],
          "private": "eyJlMmJmYjczMC1lY2FhLTExZTYtOGY4OC0zNDM2M2JjN2M0YzAiOnsiY3JlYXRlIjoyNzAwMDAwMDAwMDAwLCJkZWxldGUiOjI3MDAwMDAwMDAwMDAsInJlYWQiOjMwMDAwMDAwMDAwMCwidXBkYXRlIjoyNzAwMDAwMDAwMDAwfX0=",
          "dependencies": [
            "azurerm_network_interface.dknit-nic",
            "azurerm_public_ip.dknit-ip",
            "azurerm_resource_group.dknit-rg",
            "azurerm_subnet.dknit-subnet",
            "azurerm_virtual_network.dknit-vn"
          ]
        }
      ]
    },
    {
      "mode": "managed",
      "type": "azurerm_network_interface",
      "name": "dknit-nic",
      "provider": "provider[\"registry.terraform.io/hashicorp/azurerm\"]",
      "instances": [
        {
          "schema_version": 0,
          "attributes": {
            "applied_dns_servers": [],
            "dns_servers": [],
            "enable_accelerated_networking": false,
            "enable_ip_forwarding": false,
            "id": "/subscriptions/44f5de84-49cf-43c7-8cfa-dff267986dd8/resourceGroups/dknit-resources/providers/Microsoft.Network/networkInterfaces/dknit-nic",
            "internal_dns_name_label": "",
            "internal_domain_name_suffix": "ihxfjd5ggxwebck3grdee5dm1b.ax.internal.cloudapp.net",
            "ip_configuration": [
              {
                "gateway_load_balancer_frontend_ip_configuration_id": "",
                "name": "dknit-ip-config",
                "primary": true,
                "private_ip_address": "10.123.1.4",
                "private_ip_address_allocation": "Dynamic",
                "private_ip_address_version": "IPv4",
                "public_ip_address_id": "/subscriptions/44f5de84-49cf-43c7-8cfa-dff267986dd8/resourceGroups/dknit-resources/providers/Microsoft.Network/publicIPAddresses/dknit-ip",
                "subnet_id": "/subscriptions/44f5de84-49cf-43c7-8cfa-dff267986dd8/resourceGroups/dknit-resources/providers/Microsoft.Network/virtualNetworks/dknit-vnet/subnets/dknit-subnet"
              }
            ],
            "location": "westeurope",
            "mac_address": "",
            "name": "dknit-nic",
            "private_ip_address": "10.123.1.4",
            "private_ip_addresses": [
              "10.123.1.4"
            ],
            "resource_group_name": "dknit-resources",
            "tags": {
              "environment": "dev"
            },
            "timeouts": null,
            "virtual_machine_id": ""
          },
          "sensitive_attributes": [],
          "private": "eyJlMmJmYjczMC1lY2FhLTExZTYtOGY4OC0zNDM2M2JjN2M0YzAiOnsiY3JlYXRlIjoxODAwMDAwMDAwMDAwLCJkZWxldGUiOjE4MDAwMDAwMDAwMDAsInJlYWQiOjMwMDAwMDAwMDAwMCwidXBkYXRlIjoxODAwMDAwMDAwMDAwfX0=",
          "dependencies": [
            "azurerm_public_ip.dknit-ip",
            "azurerm_resource_group.dknit-rg",
            "azurerm_subnet.dknit-subnet",
            "azurerm_virtual_network.dknit-vn"
          ]
        }
      ]
    },
    {
      "mode": "managed",
      "type": "azurerm_network_security_group",
      "name": "dknit-nsg",
      "provider": "provider[\"registry.terraform.io/hashicorp/azurerm\"]",
      "instances": [
        {
          "schema_version": 0,
          "attributes": {
            "id": "/subscriptions/44f5de84-49cf-43c7-8cfa-dff267986dd8/resourceGroups/dknit-resources/providers/Microsoft.Network/networkSecurityGroups/dknit-nsg",
            "location": "westeurope",
            "name": "dknit-nsg",
            "resource_group_name": "dknit-resources",
            "security_rule": [],
            "tags": {
              "environment": "dev"
            },
            "timeouts": null
          },
          "sensitive_attributes": [],
          "private": "eyJlMmJmYjczMC1lY2FhLTExZTYtOGY4OC0zNDM2M2JjN2M0YzAiOnsiY3JlYXRlIjoxODAwMDAwMDAwMDAwLCJkZWxldGUiOjE4MDAwMDAwMDAwMDAsInJlYWQiOjMwMDAwMDAwMDAwMCwidXBkYXRlIjoxODAwMDAwMDAwMDAwfX0=",
          "dependencies": [
            "azurerm_resource_group.dknit-rg"
          ]
        }
      ]
    },
    {
      "mode": "managed",
      "type": "azurerm_network_security_rule",
      "name": "dknit-dev-rule",
      "provider": "provider[\"registry.terraform.io/hashicorp/azurerm\"]",
      "instances": [
        {
          "schema_version": 0,
          "attributes": {
            "access": "Allow",
            "description": "",
            "destination_address_prefix": "*",
            "destination_address_prefixes": null,
            "destination_application_security_group_ids": null,
            "destination_port_range": "*",
            "destination_port_ranges": null,
            "direction": "Inbound",
            "id": "/subscriptions/44f5de84-49cf-43c7-8cfa-dff267986dd8/resourceGroups/dknit-resources/providers/Microsoft.Network/networkSecurityGroups/dknit-nsg/securityRules/dknit-dev-rule",
            "name": "dknit-dev-rule",
            "network_security_group_name": "dknit-nsg",
            "priority": 100,
            "protocol": "Tcp",
            "resource_group_name": "dknit-resources",
            "source_address_prefix": "*",
            "source_address_prefixes": null,
            "source_application_security_group_ids": null,
            "source_port_range": "*",
            "source_port_ranges": null,
            "timeouts": null
          },
          "sensitive_attributes": [],
          "private": "eyJlMmJmYjczMC1lY2FhLTExZTYtOGY4OC0zNDM2M2JjN2M0YzAiOnsiY3JlYXRlIjoxODAwMDAwMDAwMDAwLCJkZWxldGUiOjE4MDAwMDAwMDAwMDAsInJlYWQiOjMwMDAwMDAwMDAwMCwidXBkYXRlIjoxODAwMDAwMDAwMDAwfX0=",
          "dependencies": [
            "azurerm_network_security_group.dknit-nsg",
            "azurerm_resource_group.dknit-rg"
          ]
        }
      ]
    },
    {
      "mode": "managed",
      "type": "azurerm_public_ip",
      "name": "dknit-ip",
      "provider": "provider[\"registry.terraform.io/hashicorp/azurerm\"]",
      "instances": [
        {
          "schema_version": 0,
          "attributes": {
            "allocation_method": "Static",
            "availability_zone": "No-Zone",
            "domain_name_label": null,
            "fqdn": null,
            "id": "/subscriptions/44f5de84-49cf-43c7-8cfa-dff267986dd8/resourceGroups/dknit-resources/providers/Microsoft.Network/publicIPAddresses/dknit-ip",
            "idle_timeout_in_minutes": 4,
            "ip_address": "20.123.189.149",
            "ip_tags": null,
            "ip_version": "IPv4",
            "location": "westeurope",
            "name": "dknit-ip",
            "public_ip_prefix_id": null,
            "resource_group_name": "dknit-resources",
            "reverse_fqdn": null,
            "sku": "Basic",
            "sku_tier": "Regional",
            "tags": {
              "environment": "dev"
            },
            "timeouts": null,
            "zones": []
          },
          "sensitive_attributes": [],
          "private": "eyJlMmJmYjczMC1lY2FhLTExZTYtOGY4OC0zNDM2M2JjN2M0YzAiOnsiY3JlYXRlIjoxODAwMDAwMDAwMDAwLCJkZWxldGUiOjE4MDAwMDAwMDAwMDAsInJlYWQiOjMwMDAwMDAwMDAwMCwidXBkYXRlIjoxODAwMDAwMDAwMDAwfX0=",
          "dependencies": [
            "azurerm_resource_group.dknit-rg"
          ]
        }
      ]
    },
    {
      "mode": "managed",
      "type": "azurerm_resource_group",
      "name": "dknit-rg",
      "provider": "provider[\"registry.terraform.io/hashicorp/azurerm\"]",
      "instances": [
        {
          "schema_version": 0,
          "attributes": {
            "id": "/subscriptions/44f5de84-49cf-43c7-8cfa-dff267986dd8/resourceGroups/dknit-resources",
            "location": "westeurope",
            "name": "dknit-resources",
            "tags": {
              "environment": "dev"
            },
            "timeouts": null
          },
          "sensitive_attributes": [],
          "private": "eyJlMmJmYjczMC1lY2FhLTExZTYtOGY4OC0zNDM2M2JjN2M0YzAiOnsiY3JlYXRlIjo1NDAwMDAwMDAwMDAwLCJkZWxldGUiOjU0MDAwMDAwMDAwMDAsInJlYWQiOjMwMDAwMDAwMDAwMCwidXBkYXRlIjo1NDAwMDAwMDAwMDAwfX0="
        }
      ]
    },
    {
      "mode": "managed",
      "type": "azurerm_subnet",
      "name": "dknit-subnet",
      "provider": "provider[\"registry.terraform.io/hashicorp/azurerm\"]",
      "instances": [
        {
          "schema_version": 0,
          "attributes": {
            "address_prefix": "10.123.1.0/24",
            "address_prefixes": [
              "10.123.1.0/24"
            ],
            "delegation": [],
            "enforce_private_link_endpoint_network_policies": false,
            "enforce_private_link_service_network_policies": false,
            "id": "/subscriptions/44f5de84-49cf-43c7-8cfa-dff267986dd8/resourceGroups/dknit-resources/providers/Microsoft.Network/virtualNetworks/dknit-vnet/subnets/dknit-subnet",
            "name": "dknit-subnet",
            "resource_group_name": "dknit-resources",
            "service_endpoint_policy_ids": null,
            "service_endpoints": null,
            "timeouts": null,
            "virtual_network_name": "dknit-vnet"
          },
          "sensitive_attributes": [],
          "private": "eyJlMmJmYjczMC1lY2FhLTExZTYtOGY4OC0zNDM2M2JjN2M0YzAiOnsiY3JlYXRlIjoxODAwMDAwMDAwMDAwLCJkZWxldGUiOjE4MDAwMDAwMDAwMDAsInJlYWQiOjMwMDAwMDAwMDAwMCwidXBkYXRlIjoxODAwMDAwMDAwMDAwfX0=",
          "dependencies": [
            "azurerm_resource_group.dknit-rg",
            "azurerm_virtual_network.dknit-vn"
          ]
        }
      ]
    },
    {
      "mode": "managed",
      "type": "azurerm_subnet_network_security_group_association",
      "name": "dknit-subnet-nsg",
      "provider": "provider[\"registry.terraform.io/hashicorp/azurerm\"]",
      "instances": [
        {
          "schema_version": 0,
          "attributes": {
            "id": "/subscriptions/44f5de84-49cf-43c7-8cfa-dff267986dd8/resourceGroups/dknit-resources/providers/Microsoft.Network/virtualNetworks/dknit-vnet/subnets/dknit-subnet",
            "network_security_group_id": "/subscriptions/44f5de84-49cf-43c7-8cfa-dff267986dd8/resourceGroups/dknit-resources/providers/Microsoft.Network/networkSecurityGroups/dknit-nsg",
            "subnet_id": "/subscriptions/44f5de84-49cf-43c7-8cfa-dff267986dd8/resourceGroups/dknit-resources/providers/Microsoft.Network/virtualNetworks/dknit-vnet/subnets/dknit-subnet",
            "timeouts": null
          },
          "sensitive_attributes": [],
          "private": "eyJlMmJmYjczMC1lY2FhLTExZTYtOGY4OC0zNDM2M2JjN2M0YzAiOnsiY3JlYXRlIjoxODAwMDAwMDAwMDAwLCJkZWxldGUiOjE4MDAwMDAwMDAwMDAsInJlYWQiOjMwMDAwMDAwMDAwMCwidXBkYXRlIjoxODAwMDAwMDAwMDAwfX0=",
          "dependencies": [
            "azurerm_network_security_group.dknit-nsg",
            "azurerm_resource_group.dknit-rg",
            "azurerm_subnet.dknit-subnet",
            "azurerm_virtual_network.dknit-vn"
          ]
        }
      ]
    },
    {
      "mode": "managed",
      "type": "azurerm_virtual_network",
      "name": "dknit-vn",
      "provider": "provider[\"registry.terraform.io/hashicorp/azurerm\"]",
      "instances": [
        {
          "schema_version": 0,
          "attributes": {
            "address_space": [
              "10.123.0.0/16"
            ],
            "bgp_community": "",
            "ddos_protection_plan": [],
            "dns_servers": [],
            "flow_timeout_in_minutes": 0,
            "guid": "8f54ee41-35e6-40ec-895d-3446427c6cd9",
            "id": "/subscriptions/44f5de84-49cf-43c7-8cfa-dff267986dd8/resourceGroups/dknit-resources/providers/Microsoft.Network/virtualNetworks/dknit-vnet",
            "location": "westeurope",
            "name": "dknit-vnet",
            "resource_group_name": "dknit-resources",
            "subnet": [],
            "tags": {
              "environment": "dev"
            },
            "timeouts": null,
            "vm_protection_enabled": false
          },
          "sensitive_attributes": [],
          "private": "eyJlMmJmYjczMC1lY2FhLTExZTYtOGY4OC0zNDM2M2JjN2M0YzAiOnsiY3JlYXRlIjoxODAwMDAwMDAwMDAwLCJkZWxldGUiOjE4MDAwMDAwMDAwMDAsInJlYWQiOjMwMDAwMDAwMDAwMCwidXBkYXRlIjoxODAwMDAwMDAwMDAwfX0=",
          "dependencies": [
            "azurerm_resource_group.dknit-rg"
          ]
        }
      ]
    }
  ],
  "check_results": []
}
